// !$*UTF8*$!
{
	archiveVersion = 1;
	classes = {
	};
	objectVersion = 46;
	objects = {

/* Begin PBXBuildFile section */
		5A3514CD1E0AF52D002EC3F2 /* AppDelegate.swift in Sources */ = {isa = PBXBuildFile; fileRef = 5A3514CC1E0AF52D002EC3F2 /* AppDelegate.swift */; };
		5A3514CF1E0AF52D002EC3F2 /* GameScene.sks in Resources */ = {isa = PBXBuildFile; fileRef = 5A3514CE1E0AF52D002EC3F2 /* GameScene.sks */; };
		5A3514D31E0AF52D002EC3F2 /* GameScene.swift in Sources */ = {isa = PBXBuildFile; fileRef = 5A3514D21E0AF52D002EC3F2 /* GameScene.swift */; };
		5A3514D51E0AF52D002EC3F2 /* GameViewController.swift in Sources */ = {isa = PBXBuildFile; fileRef = 5A3514D41E0AF52D002EC3F2 /* GameViewController.swift */; };
		5A3514D81E0AF52D002EC3F2 /* Main.storyboard in Resources */ = {isa = PBXBuildFile; fileRef = 5A3514D61E0AF52D002EC3F2 /* Main.storyboard */; };
		5A3514DA1E0AF52D002EC3F2 /* Assets.xcassets in Resources */ = {isa = PBXBuildFile; fileRef = 5A3514D91E0AF52D002EC3F2 /* Assets.xcassets */; };
		5A3514DD1E0AF52D002EC3F2 /* LaunchScreen.storyboard in Resources */ = {isa = PBXBuildFile; fileRef = 5A3514DB1E0AF52D002EC3F2 /* LaunchScreen.storyboard */; };
		5A3514FC1E0AFA10002EC3F2 /* explosion.caf in Resources */ = {isa = PBXBuildFile; fileRef = 5A3514E51E0AFA10002EC3F2 /* explosion.caf */; };
		5A3514FD1E0AFA10002EC3F2 /* launch.caf in Resources */ = {isa = PBXBuildFile; fileRef = 5A3514E61E0AFA10002EC3F2 /* launch.caf */; };
		5A3514FE1E0AFA10002EC3F2 /* penguin.png in Resources */ = {isa = PBXBuildFile; fileRef = 5A3514E71E0AFA10002EC3F2 /* penguin.png */; };
		5A3514FF1E0AFA10002EC3F2 /* penguin@2x.png in Resources */ = {isa = PBXBuildFile; fileRef = 5A3514E81E0AFA10002EC3F2 /* penguin@2x.png */; };
		5A3515001E0AFA10002EC3F2 /* sliceBackground.png in Resources */ = {isa = PBXBuildFile; fileRef = 5A3514E91E0AFA10002EC3F2 /* sliceBackground.png */; };
		5A3515011E0AFA10002EC3F2 /* sliceBackground@2x.png in Resources */ = {isa = PBXBuildFile; fileRef = 5A3514EA1E0AFA10002EC3F2 /* sliceBackground@2x.png */; };
		5A3515021E0AFA10002EC3F2 /* sliceBomb.png in Resources */ = {isa = PBXBuildFile; fileRef = 5A3514EB1E0AFA10002EC3F2 /* sliceBomb.png */; };
		5A3515031E0AFA10002EC3F2 /* sliceBomb@2x.png in Resources */ = {isa = PBXBuildFile; fileRef = 5A3514EC1E0AFA10002EC3F2 /* sliceBomb@2x.png */; };
		5A3515041E0AFA10002EC3F2 /* sliceBombFuse.caf in Resources */ = {isa = PBXBuildFile; fileRef = 5A3514ED1E0AFA10002EC3F2 /* sliceBombFuse.caf */; };
		5A3515051E0AFA10002EC3F2 /* sliceFuse.sks in Resources */ = {isa = PBXBuildFile; fileRef = 5A3514EE1E0AFA10002EC3F2 /* sliceFuse.sks */; };
		5A3515061E0AFA10002EC3F2 /* sliceHitBomb.sks in Resources */ = {isa = PBXBuildFile; fileRef = 5A3514EF1E0AFA10002EC3F2 /* sliceHitBomb.sks */; };
		5A3515071E0AFA10002EC3F2 /* sliceHitEnemy.sks in Resources */ = {isa = PBXBuildFile; fileRef = 5A3514F01E0AFA10002EC3F2 /* sliceHitEnemy.sks */; };
		5A3515081E0AFA10002EC3F2 /* sliceLife.png in Resources */ = {isa = PBXBuildFile; fileRef = 5A3514F11E0AFA10002EC3F2 /* sliceLife.png */; };
		5A3515091E0AFA10002EC3F2 /* sliceLife@2x.png in Resources */ = {isa = PBXBuildFile; fileRef = 5A3514F21E0AFA10002EC3F2 /* sliceLife@2x.png */; };
		5A35150A1E0AFA10002EC3F2 /* sliceLifeGone.png in Resources */ = {isa = PBXBuildFile; fileRef = 5A3514F31E0AFA10002EC3F2 /* sliceLifeGone.png */; };
		5A35150B1E0AFA10002EC3F2 /* sliceLifeGone@2x.png in Resources */ = {isa = PBXBuildFile; fileRef = 5A3514F41E0AFA10002EC3F2 /* sliceLifeGone@2x.png */; };
		5A35150C1E0AFA10002EC3F2 /* spark.png in Resources */ = {isa = PBXBuildFile; fileRef = 5A3514F51E0AFA10002EC3F2 /* spark.png */; };
		5A35150D1E0AFA10002EC3F2 /* swoosh1.caf in Resources */ = {isa = PBXBuildFile; fileRef = 5A3514F61E0AFA10002EC3F2 /* swoosh1.caf */; };
		5A35150E1E0AFA10002EC3F2 /* swoosh2.caf in Resources */ = {isa = PBXBuildFile; fileRef = 5A3514F71E0AFA10002EC3F2 /* swoosh2.caf */; };
		5A35150F1E0AFA10002EC3F2 /* swoosh3.caf in Resources */ = {isa = PBXBuildFile; fileRef = 5A3514F81E0AFA10002EC3F2 /* swoosh3.caf */; };
		5A3515101E0AFA10002EC3F2 /* whack.caf in Resources */ = {isa = PBXBuildFile; fileRef = 5A3514F91E0AFA10002EC3F2 /* whack.caf */; };
		5A3515111E0AFA10002EC3F2 /* wrong.caf in Resources */ = {isa = PBXBuildFile; fileRef = 5A3514FA1E0AFA10002EC3F2 /* wrong.caf */; };
		5A3515121E0AFA10002EC3F2 /* Helper.swift in Sources */ = {isa = PBXBuildFile; fileRef = 5A3514FB1E0AFA10002EC3F2 /* Helper.swift */; };
/* End PBXBuildFile section */

/* Begin PBXFileReference section */
		5A3514C91E0AF52D002EC3F2 /* SwiftyNinja.app */ = {isa = PBXFileReference; explicitFileType = wrapper.application; includeInIndex = 0; path = SwiftyNinja.app; sourceTree = BUILT_PRODUCTS_DIR; };
		5A3514CC1E0AF52D002EC3F2 /* AppDelegate.swift */ = {isa = PBXFileReference; lastKnownFileType = sourcecode.swift; path = AppDelegate.swift; sourceTree = "<group>"; };
		5A3514CE1E0AF52D002EC3F2 /* GameScene.sks */ = {isa = PBXFileReference; lastKnownFileType = file.sks; path = GameScene.sks; sourceTree = "<group>"; };
		5A3514D21E0AF52D002EC3F2 /* GameScene.swift */ = {isa = PBXFileReference; lastKnownFileType = sourcecode.swift; path = GameScene.swift; sourceTree = "<group>"; };
		5A3514D41E0AF52D002EC3F2 /* GameViewController.swift */ = {isa = PBXFileReference; lastKnownFileType = sourcecode.swift; path = GameViewController.swift; sourceTree = "<group>"; };
		5A3514D71E0AF52D002EC3F2 /* Base */ = {isa = PBXFileReference; lastKnownFileType = file.storyboard; name = Base; path = Base.lproj/Main.storyboard; sourceTree = "<group>"; };
		5A3514D91E0AF52D002EC3F2 /* Assets.xcassets */ = {isa = PBXFileReference; lastKnownFileType = folder.assetcatalog; path = Assets.xcassets; sourceTree = "<group>"; };
		5A3514DC1E0AF52D002EC3F2 /* Base */ = {isa = PBXFileReference; lastKnownFileType = file.storyboard; name = Base; path = Base.lproj/LaunchScreen.storyboard; sourceTree = "<group>"; };
		5A3514DE1E0AF52D002EC3F2 /* Info.plist */ = {isa = PBXFileReference; lastKnownFileType = text.plist.xml; path = Info.plist; sourceTree = "<group>"; };
		5A3514E51E0AFA10002EC3F2 /* explosion.caf */ = {isa = PBXFileReference; lastKnownFileType = file; path = explosion.caf; sourceTree = "<group>"; };
		5A3514E61E0AFA10002EC3F2 /* launch.caf */ = {isa = PBXFileReference; lastKnownFileType = file; path = launch.caf; sourceTree = "<group>"; };
		5A3514E71E0AFA10002EC3F2 /* penguin.png */ = {isa = PBXFileReference; lastKnownFileType = image.png; path = penguin.png; sourceTree = "<group>"; };
		5A3514E81E0AFA10002EC3F2 /* penguin@2x.png */ = {isa = PBXFileReference; lastKnownFileType = image.png; path = "penguin@2x.png"; sourceTree = "<group>"; };
		5A3514E91E0AFA10002EC3F2 /* sliceBackground.png */ = {isa = PBXFileReference; lastKnownFileType = image.png; path = sliceBackground.png; sourceTree = "<group>"; };
		5A3514EA1E0AFA10002EC3F2 /* sliceBackground@2x.png */ = {isa = PBXFileReference; lastKnownFileType = image.png; path = "sliceBackground@2x.png"; sourceTree = "<group>"; };
		5A3514EB1E0AFA10002EC3F2 /* sliceBomb.png */ = {isa = PBXFileReference; lastKnownFileType = image.png; path = sliceBomb.png; sourceTree = "<group>"; };
		5A3514EC1E0AFA10002EC3F2 /* sliceBomb@2x.png */ = {isa = PBXFileReference; lastKnownFileType = image.png; path = "sliceBomb@2x.png"; sourceTree = "<group>"; };
		5A3514ED1E0AFA10002EC3F2 /* sliceBombFuse.caf */ = {isa = PBXFileReference; lastKnownFileType = file; path = sliceBombFuse.caf; sourceTree = "<group>"; };
		5A3514EE1E0AFA10002EC3F2 /* sliceFuse.sks */ = {isa = PBXFileReference; lastKnownFileType = file.sks; path = sliceFuse.sks; sourceTree = "<group>"; };
		5A3514EF1E0AFA10002EC3F2 /* sliceHitBomb.sks */ = {isa = PBXFileReference; lastKnownFileType = file.sks; path = sliceHitBomb.sks; sourceTree = "<group>"; };
		5A3514F01E0AFA10002EC3F2 /* sliceHitEnemy.sks */ = {isa = PBXFileReference; lastKnownFileType = file.sks; path = sliceHitEnemy.sks; sourceTree = "<group>"; };
		5A3514F11E0AFA10002EC3F2 /* sliceLife.png */ = {isa = PBXFileReference; lastKnownFileType = image.png; path = sliceLife.png; sourceTree = "<group>"; };
		5A3514F21E0AFA10002EC3F2 /* sliceLife@2x.png */ = {isa = PBXFileReference; lastKnownFileType = image.png; path = "sliceLife@2x.png"; sourceTree = "<group>"; };
		5A3514F31E0AFA10002EC3F2 /* sliceLifeGone.png */ = {isa = PBXFileReference; lastKnownFileType = image.png; path = sliceLifeGone.png; sourceTree = "<group>"; };
		5A3514F41E0AFA10002EC3F2 /* sliceLifeGone@2x.png */ = {isa = PBXFileReference; lastKnownFileType = image.png; path = "sliceLifeGone@2x.png"; sourceTree = "<group>"; };
		5A3514F51E0AFA10002EC3F2 /* spark.png */ = {isa = PBXFileReference; lastKnownFileType = image.png; path = spark.png; sourceTree = "<group>"; };
		5A3514F61E0AFA10002EC3F2 /* swoosh1.caf */ = {isa = PBXFileReference; lastKnownFileType = file; path = swoosh1.caf; sourceTree = "<group>"; };
		5A3514F71E0AFA10002EC3F2 /* swoosh2.caf */ = {isa = PBXFileReference; lastKnownFileType = file; path = swoosh2.caf; sourceTree = "<group>"; };
		5A3514F81E0AFA10002EC3F2 /* swoosh3.caf */ = {isa = PBXFileReference; lastKnownFileType = file; path = swoosh3.caf; sourceTree = "<group>"; };
		5A3514F91E0AFA10002EC3F2 /* whack.caf */ = {isa = PBXFileReference; lastKnownFileType = file; path = whack.caf; sourceTree = "<group>"; };
		5A3514FA1E0AFA10002EC3F2 /* wrong.caf */ = {isa = PBXFileReference; lastKnownFileType = file; path = wrong.caf; sourceTree = "<group>"; };
		5A3514FB1E0AFA10002EC3F2 /* Helper.swift */ = {isa = PBXFileReference; fileEncoding = 4; lastKnownFileType = sourcecode.swift; path = Helper.swift; sourceTree = "<group>"; };
/* End PBXFileReference section */

/* Begin PBXFrameworksBuildPhase section */
		5A3514C61E0AF52D002EC3F2 /* Frameworks */ = {
			isa = PBXFrameworksBuildPhase;
			buildActionMask = 2147483647;
			files = (
			);
			runOnlyForDeploymentPostprocessing = 0;
		};
/* End PBXFrameworksBuildPhase section */

/* Begin PBXGroup section */
		5A3514C01E0AF52D002EC3F2 = {
			isa = PBXGroup;
			children = (
				5A3514CB1E0AF52D002EC3F2 /* SwiftyNinja */,
				5A3514CA1E0AF52D002EC3F2 /* Products */,
			);
			sourceTree = "<group>";
		};
		5A3514CA1E0AF52D002EC3F2 /* Products */ = {
			isa = PBXGroup;
			children = (
				5A3514C91E0AF52D002EC3F2 /* SwiftyNinja.app */,
			);
			name = Products;
			sourceTree = "<group>";
		};
		5A3514CB1E0AF52D002EC3F2 /* SwiftyNinja */ = {
			isa = PBXGroup;
			children = (
				5A3514CC1E0AF52D002EC3F2 /* AppDelegate.swift */,
				5A3514CE1E0AF52D002EC3F2 /* GameScene.sks */,
				5A3514D21E0AF52D002EC3F2 /* GameScene.swift */,
				5A3514E41E0AFA10002EC3F2 /* Content */,
				5A3514FB1E0AFA10002EC3F2 /* Helper.swift */,
				5A3514D41E0AF52D002EC3F2 /* GameViewController.swift */,
				5A3514D61E0AF52D002EC3F2 /* Main.storyboard */,
				5A3514D91E0AF52D002EC3F2 /* Assets.xcassets */,
				5A3514DB1E0AF52D002EC3F2 /* LaunchScreen.storyboard */,
				5A3514DE1E0AF52D002EC3F2 /* Info.plist */,
			);
			path = SwiftyNinja;
			sourceTree = "<group>";
		};
		5A3514E41E0AFA10002EC3F2 /* Content */ = {
			isa = PBXGroup;
			children = (
				5A3514E51E0AFA10002EC3F2 /* explosion.caf */,
				5A3514E61E0AFA10002EC3F2 /* launch.caf */,
				5A3514E71E0AFA10002EC3F2 /* penguin.png */,
				5A3514E81E0AFA10002EC3F2 /* penguin@2x.png */,
				5A3514E91E0AFA10002EC3F2 /* sliceBackground.png */,
				5A3514EA1E0AFA10002EC3F2 /* sliceBackground@2x.png */,
				5A3514EB1E0AFA10002EC3F2 /* sliceBomb.png */,
				5A3514EC1E0AFA10002EC3F2 /* sliceBomb@2x.png */,
				5A3514ED1E0AFA10002EC3F2 /* sliceBombFuse.caf */,
				5A3514EE1E0AFA10002EC3F2 /* sliceFuse.sks */,
				5A3514EF1E0AFA10002EC3F2 /* sliceHitBomb.sks */,
				5A3514F01E0AFA10002EC3F2 /* sliceHitEnemy.sks */,
				5A3514F11E0AFA10002EC3F2 /* sliceLife.png */,
				5A3514F21E0AFA10002EC3F2 /* sliceLife@2x.png */,
				5A3514F31E0AFA10002EC3F2 /* sliceLifeGone.png */,
				5A3514F41E0AFA10002EC3F2 /* sliceLifeGone@2x.png */,
				5A3514F51E0AFA10002EC3F2 /* spark.png */,
				5A3514F61E0AFA10002EC3F2 /* swoosh1.caf */,
				5A3514F71E0AFA10002EC3F2 /* swoosh2.caf */,
				5A3514F81E0AFA10002EC3F2 /* swoosh3.caf */,
				5A3514F91E0AFA10002EC3F2 /* whack.caf */,
				5A3514FA1E0AFA10002EC3F2 /* wrong.caf */,
			);
			path = Content;
			sourceTree = "<group>";
		};
/* End PBXGroup section */

/* Begin PBXNativeTarget section */
		5A3514C81E0AF52D002EC3F2 /* SwiftyNinja */ = {
			isa = PBXNativeTarget;
			buildConfigurationList = 5A3514E11E0AF52D002EC3F2 /* Build configuration list for PBXNativeTarget "SwiftyNinja" */;
			buildPhases = (
				5A3514C51E0AF52D002EC3F2 /* Sources */,
				5A3514C61E0AF52D002EC3F2 /* Frameworks */,
				5A3514C71E0AF52D002EC3F2 /* Resources */,
			);
			buildRules = (
			);
			dependencies = (
			);
			name = SwiftyNinja;
			productName = SwiftyNinja;
			productReference = 5A3514C91E0AF52D002EC3F2 /* SwiftyNinja.app */;
			productType = "com.apple.product-type.application";
		};
/* End PBXNativeTarget section */

/* Begin PBXProject section */
		5A3514C11E0AF52D002EC3F2 /* Project object */ = {
			isa = PBXProject;
			attributes = {
				LastSwiftUpdateCheck = 0820;
				LastUpgradeCheck = 0820;
				ORGANIZATIONNAME = noahpatterson;
				TargetAttributes = {
					5A3514C81E0AF52D002EC3F2 = {
						CreatedOnToolsVersion = 8.2;
						DevelopmentTeam = L4U489Q2PR;
						ProvisioningStyle = Automatic;
					};
				};
			};
			buildConfigurationList = 5A3514C41E0AF52D002EC3F2 /* Build configuration list for PBXProject "SwiftyNinja" */;
			compatibilityVersion = "Xcode 3.2";
			developmentRegion = English;
			hasScannedForEncodings = 0;
			knownRegions = (
				en,
				Base,
			);
			mainGroup = 5A3514C01E0AF52D002EC3F2;
			productRefGroup = 5A3514CA1E0AF52D002EC3F2 /* Products */;
			projectDirPath = "";
			projectRoot = "";
			targets = (
				5A3514C81E0AF52D002EC3F2 /* SwiftyNinja */,
			);
		};
/* End PBXProject section */

/* Begin PBXResourcesBuildPhase section */
		5A3514C71E0AF52D002EC3F2 /* Resources */ = {
			isa = PBXResourcesBuildPhase;
			buildActionMask = 2147483647;
			files = (
				5A3515001E0AFA10002EC3F2 /* sliceBackground.png in Resources */,
				5A3515031E0AFA10002EC3F2 /* sliceBomb@2x.png in Resources */,
				5A3515011E0AFA10002EC3F2 /* sliceBackground@2x.png in Resources */,
				5A3515071E0AFA10002EC3F2 /* sliceHitEnemy.sks in Resources */,
				5A3514FE1E0AFA10002EC3F2 /* penguin.png in Resources */,
				5A3515041E0AFA10002EC3F2 /* sliceBombFuse.caf in Resources */,
				5A3515101E0AFA10002EC3F2 /* whack.caf in Resources */,
				5A3515051E0AFA10002EC3F2 /* sliceFuse.sks in Resources */,
				5A3514FF1E0AFA10002EC3F2 /* penguin@2x.png in Resources */,
				5A3514D81E0AF52D002EC3F2 /* Main.storyboard in Resources */,
				5A3514FD1E0AFA10002EC3F2 /* launch.caf in Resources */,
				5A35150C1E0AFA10002EC3F2 /* spark.png in Resources */,
				5A3515111E0AFA10002EC3F2 /* wrong.caf in Resources */,
				5A3515061E0AFA10002EC3F2 /* sliceHitBomb.sks in Resources */,
				5A3515021E0AFA10002EC3F2 /* sliceBomb.png in Resources */,
				5A35150A1E0AFA10002EC3F2 /* sliceLifeGone.png in Resources */,
				5A3514CF1E0AF52D002EC3F2 /* GameScene.sks in Resources */,
				5A35150D1E0AFA10002EC3F2 /* swoosh1.caf in Resources */,
				5A35150B1E0AFA10002EC3F2 /* sliceLifeGone@2x.png in Resources */,
				5A35150F1E0AFA10002EC3F2 /* swoosh3.caf in Resources */,
				5A3515091E0AFA10002EC3F2 /* sliceLife@2x.png in Resources */,
				5A35150E1E0AFA10002EC3F2 /* swoosh2.caf in Resources */,
				5A3514FC1E0AFA10002EC3F2 /* explosion.caf in Resources */,
				5A3514DA1E0AF52D002EC3F2 /* Assets.xcassets in Resources */,
				5A3514DD1E0AF52D002EC3F2 /* LaunchScreen.storyboard in Resources */,
				5A3515081E0AFA10002EC3F2 /* sliceLife.png in Resources */,
			);
			runOnlyForDeploymentPostprocessing = 0;
		};
/* End PBXResourcesBuildPhase section */

/* Begin PBXSourcesBuildPhase section */
		5A3514C51E0AF52D002EC3F2 /* Sources */ = {
			isa = PBXSourcesBuildPhase;
			buildActionMask = 2147483647;
			files = (
				5A3514D31E0AF52D002EC3F2 /* GameScene.swift in Sources */,
				5A3514D51E0AF52D002EC3F2 /* GameViewController.swift in Sources */,
				5A3514CD1E0AF52D002EC3F2 /* AppDelegate.swift in Sources */,
				5A3515121E0AFA10002EC3F2 /* Helper.swift in Sources */,
			);
			runOnlyForDeploymentPostprocessing = 0;
		};
/* End PBXSourcesBuildPhase section */

/* Begin PBXVariantGroup section */
		5A3514D61E0AF52D002EC3F2 /* Main.storyboard */ = {
			isa = PBXVariantGroup;
			children = (
				5A3514D71E0AF52D002EC3F2 /* Base */,
			);
			name = Main.storyboard;
			sourceTree = "<group>";
		};
		5A3514DB1E0AF52D002EC3F2 /* LaunchScreen.storyboard */ = {
			isa = PBXVariantGroup;
			children = (
				5A3514DC1E0AF52D002EC3F2 /* Base */,
			);
			name = LaunchScreen.storyboard;
			sourceTree = "<group>";
		};
/* End PBXVariantGroup section */

/* Begin XCBuildConfiguration section */
		5A3514DF1E0AF52D002EC3F2 /* Debug */ = {
			isa = XCBuildConfiguration;
			buildSettings = {
				ALWAYS_SEARCH_USER_PATHS = NO;
				CLANG_ANALYZER_NONNULL = YES;
				CLANG_CXX_LANGUAGE_STANDARD = "gnu++0x";
				CLANG_CXX_LIBRARY = "libc++";
				CLANG_ENABLE_MODULES = YES;
				CLANG_ENABLE_OBJC_ARC = YES;
				CLANG_WARN_BOOL_CONVERSION = YES;
				CLANG_WARN_CONSTANT_CONVERSION = YES;
				CLANG_WARN_DIRECT_OBJC_ISA_USAGE = YES_ERROR;
				CLANG_WARN_DOCUMENTATION_COMMENTS = YES;
				CLANG_WARN_EMPTY_BODY = YES;
				CLANG_WARN_ENUM_CONVERSION = YES;
				CLANG_WARN_INFINITE_RECURSION = YES;
				CLANG_WARN_INT_CONVERSION = YES;
				CLANG_WARN_OBJC_ROOT_CLASS = YES_ERROR;
				CLANG_WARN_SUSPICIOUS_MOVE = YES;
				CLANG_WARN_UNREACHABLE_CODE = YES;
				CLANG_WARN__DUPLICATE_METHOD_MATCH = YES;
				"CODE_SIGN_IDENTITY[sdk=iphoneos*]" = "iPhone Developer";
				COPY_PHASE_STRIP = NO;
				DEBUG_INFORMATION_FORMAT = dwarf;
				ENABLE_STRICT_OBJC_MSGSEND = YES;
				ENABLE_TESTABILITY = YES;
				GCC_C_LANGUAGE_STANDARD = gnu99;
				GCC_DYNAMIC_NO_PIC = NO;
				GCC_NO_COMMON_BLOCKS = YES;
				GCC_OPTIMIZATION_LEVEL = 0;
				GCC_PREPROCESSOR_DEFINITIONS = (
					"DEBUG=1",
					"$(inherited)",
				);
				GCC_WARN_64_TO_32_BIT_CONVERSION = YES;
				GCC_WARN_ABOUT_RETURN_TYPE = YES_ERROR;
				GCC_WARN_UNDECLARED_SELECTOR = YES;
				GCC_WARN_UNINITIALIZED_AUTOS = YES_AGGRESSIVE;
				GCC_WARN_UNUSED_FUNCTION = YES;
				GCC_WARN_UNUSED_VARIABLE = YES;
				IPHONEOS_DEPLOYMENT_TARGET = 10.2;
				MTL_ENABLE_DEBUG_INFO = YES;
				ONLY_ACTIVE_ARCH = YES;
				SDKROOT = iphoneos;
				SWIFT_ACTIVE_COMPILATION_CONDITIONS = DEBUG;
				SWIFT_OPTIMIZATION_LEVEL = "-Onone";
				TARGETED_DEVICE_FAMILY = 2;
			};
			name = Debug;
		};
		5A3514E01E0AF52D002EC3F2 /* Release */ = {
			isa = XCBuildConfiguration;
			buildSettings = {
				ALWAYS_SEARCH_USER_PATHS = NO;
				CLANG_ANALYZER_NONNULL = YES;
				CLANG_CXX_LANGUAGE_STANDARD = "gnu++0x";
				CLANG_CXX_LIBRARY = "libc++";
				CLANG_ENABLE_MODULES = YES;
				CLANG_ENABLE_OBJC_ARC = YES;
				CLANG_WARN_BOOL_CONVERSION = YES;
				CLANG_WARN_CONSTANT_CONVERSION = YES;
				CLANG_WARN_DIRECT_OBJC_ISA_USAGE = YES_ERROR;
				CLANG_WARN_DOCUMENTATION_COMMENTS = YES;
				CLANG_WARN_EMPTY_BODY = YES;
				CLANG_WARN_ENUM_CONVERSION = YES;
				CLANG_WARN_INFINITE_RECURSION = YES;
				CLANG_WARN_INT_CONVERSION = YES;
				CLANG_WARN_OBJC_ROOT_CLASS = YES_ERROR;
				CLANG_WARN_SUSPICIOUS_MOVE = YES;
				CLANG_WARN_UNREACHABLE_CODE = YES;
				CLANG_WARN__DUPLICATE_METHOD_MATCH = YES;
				"CODE_SIGN_IDENTITY[sdk=iphoneos*]" = "iPhone Developer";
				COPY_PHASE_STRIP = NO;
				DEBUG_INFORMATION_FORMAT = "dwarf-with-dsym";
				ENABLE_NS_ASSERTIONS = NO;
				ENABLE_STRICT_OBJC_MSGSEND = YES;
				GCC_C_LANGUAGE_STANDARD = gnu99;
				GCC_NO_COMMON_BLOCKS = YES;
				GCC_WARN_64_TO_32_BIT_CONVERSION = YES;
				GCC_WARN_ABOUT_RETURN_TYPE = YES_ERROR;
				GCC_WARN_UNDECLARED_SELECTOR = YES;
				GCC_WARN_UNINITIALIZED_AUTOS = YES_AGGRESSIVE;
				GCC_WARN_UNUSED_FUNCTION = YES;
				GCC_WARN_UNUSED_VARIABLE = YES;
				IPHONEOS_DEPLOYMENT_TARGET = 10.2;
				MTL_ENABLE_DEBUG_INFO = NO;
				SDKROOT = iphoneos;
				SWIFT_OPTIMIZATION_LEVEL = "-Owholemodule";
				TARGETED_DEVICE_FAMILY = 2;
				VALIDATE_PRODUCT = YES;
			};
			name = Release;
		};
		5A3514E21E0AF52D002EC3F2 /* Debug */ = {
			isa = XCBuildConfiguration;
			buildSettings = {
				ASSETCATALOG_COMPILER_APPICON_NAME = AppIcon;
				DEVELOPMENT_TEAM = L4U489Q2PR;
				INFOPLIST_FILE = SwiftyNinja/Info.plist;
				LD_RUNPATH_SEARCH_PATHS = "$(inherited) @executable_path/Frameworks";
				PRODUCT_BUNDLE_IDENTIFIER = me.noahpatterson.SwiftyNinja;
				PRODUCT_NAME = "$(TARGET_NAME)";
				SWIFT_VERSION = 3.0;
			};
			name = Debug;
		};
		5A3514E31E0AF52D002EC3F2 /* Release */ = {
			isa = XCBuildConfiguration;
			buildSettings = {
				ASSETCATALOG_COMPILER_APPICON_NAME = AppIcon;
				DEVELOPMENT_TEAM = L4U489Q2PR;
				INFOPLIST_FILE = SwiftyNinja/Info.plist;
				LD_RUNPATH_SEARCH_PATHS = "$(inherited) @executable_path/Frameworks";
				PRODUCT_BUNDLE_IDENTIFIER = me.noahpatterson.SwiftyNinja;
				PRODUCT_NAME = "$(TARGET_NAME)";
				SWIFT_VERSION = 3.0;
			};
			name = Release;
		};
/* End XCBuildConfiguration section */

/* Begin XCConfigurationList section */
		5A3514C41E0AF52D002EC3F2 /* Build configuration list for PBXProject "SwiftyNinja" */ = {
			isa = XCConfigurationList;
			buildConfigurations = (
				5A3514DF1E0AF52D002EC3F2 /* Debug */,
				5A3514E01E0AF52D002EC3F2 /* Release */,
			);
			defaultConfigurationIsVisible = 0;
			defaultConfigurationName = Release;
		};
		5A3514E11E0AF52D002EC3F2 /* Build configuration list for PBXNativeTarget "SwiftyNinja" */ = {
			isa = XCConfigurationList;
			buildConfigurations = (
				5A3514E21E0AF52D002EC3F2 /* Debug */,
				5A3514E31E0AF52D002EC3F2 /* Release */,
			);
			defaultConfigurationIsVisible = 0;
		};
/* End XCConfigurationList section */
	};
	rootObject = 5A3514C11E0AF52D002EC3F2 /* Project object */;
}
